
Microsoft Visual Studio Solution File, Format Version 12.00
# Visual Studio Version 16
VisualStudioVersion = 16.0.31515.178
MinimumVisualStudioVersion = 10.0.40219.1
Project("{FAE04EC0-301F-11D3-BF4B-00C04F79EFBC}") = "RecommendShop", "RecommendShop\RecommendShop.csproj", "{19C57E94-B03A-49FF-9177-E1E8676A27F1}"
EndProject
Global
	GlobalSection(SolutionConfigurationPlatforms) = preSolution
		Debug|Any CPU = Debug|Any CPU
		Release|Any CPU = Release|Any CPU
	EndGlobalSection
	GlobalSection(ProjectConfigurationPlatforms) = postSolution
		{19C57E94-B03A-49FF-9177-E1E8676A27F1}.Debug|Any CPU.ActiveCfg = Debug|Any CPU
		{19C57E94-B03A-49FF-9177-E1E8676A27F1}.Debug|Any CPU.Build.0 = Debug|Any CPU
		{19C57E94-B03A-49FF-9177-E1E8676A27F1}.Release|Any CPU.ActiveCfg = Release|Any CPU
		{19C57E94-B03A-49FF-9177-E1E8676A27F1}.Release|Any CPU.Build.0 = Release|Any CPU
	EndGlobalSection
	GlobalSection(SolutionProperties) = preSolution
		HideSolutionNode = FALSE
	EndGlobalSection
	GlobalSection(ExtensibilityGlobals) = postSolution
		SolutionGuid = {1BFEFA02-E253-4AC6-B8A9-1541692D9787}
	EndGlobalSection
EndGlobal
